
Microsoft Visual Studio Solution File, Format Version 12.00
# Visual Studio 15
VisualStudioVersion = 15.0.28307.902
MinimumVisualStudioVersion = 10.0.40219.1
Project("{8BC9CEB8-8B4A-11D0-8D11-00A0C91BC942}") = "ThreadSafeDataStructures", "ThreadSafeDataStructures\ThreadSafeDataStructures.vcxproj", "{736167B8-DEBE-4171-A4E7-BC447A5B28A8}"
EndProject
Global
	GlobalSection(SolutionConfigurationPlatforms) = preSolution
		Debug|x64 = Debug|x64
		Debug|x86 = Debug|x86
		Release|x64 = Release|x64
		Release|x86 = Release|x86
	EndGlobalSection
	GlobalSection(ProjectConfigurationPlatforms) = postSolution
		{736167B8-DEBE-4171-A4E7-BC447A5B28A8}.Debug|x64.ActiveCfg = Debug|x64
		{736167B8-DEBE-4171-A4E7-BC447A5B28A8}.Debug|x64.Build.0 = Debug|x64
		{736167B8-DEBE-4171-A4E7-BC447A5B28A8}.Debug|x86.ActiveCfg = Debug|Win32
		{736167B8-DEBE-4171-A4E7-BC447A5B28A8}.Debug|x86.Build.0 = Debug|Win32
		{736167B8-DEBE-4171-A4E7-BC447A5B28A8}.Release|x64.ActiveCfg = Release|x64
		{736167B8-DEBE-4171-A4E7-BC447A5B28A8}.Release|x64.Build.0 = Release|x64
		{736167B8-DEBE-4171-A4E7-BC447A5B28A8}.Release|x86.ActiveCfg = Release|Win32
		{736167B8-DEBE-4171-A4E7-BC447A5B28A8}.Release|x86.Build.0 = Release|Win32
	EndGlobalSection
	GlobalSection(SolutionProperties) = preSolution
		HideSolutionNode = FALSE
	EndGlobalSection
	GlobalSection(ExtensibilityGlobals) = postSolution
		SolutionGuid = {063A6994-BD98-4E69-B0F1-73BCAF4866B4}
	EndGlobalSection
EndGlobal
